
Microsoft Visual Studio Solution File, Format Version 12.00
# Visual Studio 15
VisualStudioVersion = 15.0.28307.438
MinimumVisualStudioVersion = 10.0.40219.1
Project("{FAE04EC0-301F-11D3-BF4B-00C04F79EFBC}") = "AP.VALID.PAYMENT", "AP.VALID.PAYMENT\AP.VALID.PAYMENT.csproj", "{93E54B45-DBDB-4B31-80DC-C8746CE7E28C}"
EndProject
Global
	GlobalSection(SolutionConfigurationPlatforms) = preSolution
		Debug|Any CPU = Debug|Any CPU
		Release|Any CPU = Release|Any CPU
	EndGlobalSection
	GlobalSection(ProjectConfigurationPlatforms) = postSolution
		{93E54B45-DBDB-4B31-80DC-C8746CE7E28C}.Debug|Any CPU.ActiveCfg = Debug|Any CPU
		{93E54B45-DBDB-4B31-80DC-C8746CE7E28C}.Debug|Any CPU.Build.0 = Debug|Any CPU
		{93E54B45-DBDB-4B31-80DC-C8746CE7E28C}.Release|Any CPU.ActiveCfg = Release|Any CPU
		{93E54B45-DBDB-4B31-80DC-C8746CE7E28C}.Release|Any CPU.Build.0 = Release|Any CPU
	EndGlobalSection
	GlobalSection(SolutionProperties) = preSolution
		HideSolutionNode = FALSE
	EndGlobalSection
	GlobalSection(ExtensibilityGlobals) = postSolution
		SolutionGuid = {ACCC8B2E-D3CF-4157-B3FF-77A8A8781DC6}
	EndGlobalSection
EndGlobal
